# This file is automatically @generated by Poetry 1.5.1 and should not be changed by hand.

[[package]]
name = "altgraph"
version = "0.17.4"
description = "Python graph (network) package"
optional = false
python-versions = "*"
files = [
    {file = "altgraph-0.17.4-py2.py3-none-any.whl", hash = "sha256:642743b4750de17e655e6711601b077bc6598dbfa3ba5fa2b2a35ce12b508dff"},
    {file = "altgraph-0.17.4.tar.gz", hash = "sha256:1b5afbb98f6c4dcadb2e2ae6ab9fa994bbb8c1d75f4fa96d340f9437ae454406"},
]

[[package]]
name = "bottle"
version = "0.12.25"
description = "Fast and simple WSGI-framework for small web-applications."
optional = false
python-versions = "*"
files = [
    {file = "bottle-0.12.25-py3-none-any.whl", hash = "sha256:d6f15f9d422670b7c073d63bd8d287b135388da187a0f3e3c19293626ce034ea"},
    {file = "bottle-0.12.25.tar.gz", hash = "sha256:e1a9c94970ae6d710b3fb4526294dfeb86f2cb4a81eff3a4b98dc40fb0e5e021"},
]

[[package]]
name = "colorama"
version = "0.4.6"
description = "Cross-platform colored terminal text."
optional = false
python-versions = "!=3.0.*,!=3.1.*,!=3.2.*,!=3.3.*,!=3.4.*,!=3.5.*,!=3.6.*,>=2.7"
files = [
    {file = "colorama-0.4.6-py2.py3-none-any.whl", hash = "sha256:4f1d9991f5acc0ca119f9d443620b77f9d6b33703e51011c16baf57afb285fc6"},
    {file = "colorama-0.4.6.tar.gz", hash = "sha256:08695f5cb7ed6e0531a20572697297273c47b8cae5a63ffc6d6ed5c201be6e44"},
]

[[package]]
name = "macholib"
version = "1.16.3"
description = "Mach-O header analysis and editing"
optional = false
python-versions = "*"
files = [
    {file = "macholib-1.16.3-py2.py3-none-any.whl", hash = "sha256:0e315d7583d38b8c77e815b1ecbdbf504a8258d8b3e17b61165c6feb60d18f2c"},
    {file = "macholib-1.16.3.tar.gz", hash = "sha256:07ae9e15e8e4cd9a788013d81f5908b3609aa76f9b1421bae9c4d7606ec86a30"},
]

[package.dependencies]
altgraph = ">=0.17"

[[package]]
name = "mslex"
version = "0.3.0"
description = "shlex for windows"
optional = false
python-versions = ">=3.5"
files = [
    {file = "mslex-0.3.0-py2.py3-none-any.whl", hash = "sha256:380cb14abf8fabf40e56df5c8b21a6d533dc5cbdcfe42406bbf08dda8f42e42a"},
    {file = "mslex-0.3.0.tar.gz", hash = "sha256:4a1ac3f25025cad78ad2fe499dd16d42759f7a3801645399cce5c404415daa97"},
]

[[package]]
name = "mypy"
version = "1.6.1"
description = "Optional static typing for Python"
optional = false
python-versions = ">=3.8"
files = [
    {file = "mypy-1.6.1-cp310-cp310-macosx_10_9_x86_64.whl", hash = "sha256:e5012e5cc2ac628177eaac0e83d622b2dd499e28253d4107a08ecc59ede3fc2c"},
    {file = "mypy-1.6.1-cp310-cp310-macosx_11_0_arm64.whl", hash = "sha256:d8fbb68711905f8912e5af474ca8b78d077447d8f3918997fecbf26943ff3cbb"},
    {file = "mypy-1.6.1-cp310-cp310-manylinux_2_17_x86_64.manylinux2014_x86_64.whl", hash = "sha256:21a1ad938fee7d2d96ca666c77b7c494c3c5bd88dff792220e1afbebb2925b5e"},
    {file = "mypy-1.6.1-cp310-cp310-musllinux_1_1_x86_64.whl", hash = "sha256:b96ae2c1279d1065413965c607712006205a9ac541895004a1e0d4f281f2ff9f"},
    {file = "mypy-1.6.1-cp310-cp310-win_amd64.whl", hash = "sha256:40b1844d2e8b232ed92e50a4bd11c48d2daa351f9deee6c194b83bf03e418b0c"},
    {file = "mypy-1.6.1-cp311-cp311-macosx_10_9_x86_64.whl", hash = "sha256:81af8adaa5e3099469e7623436881eff6b3b06db5ef75e6f5b6d4871263547e5"},
    {file = "mypy-1.6.1-cp311-cp311-macosx_11_0_arm64.whl", hash = "sha256:8c223fa57cb154c7eab5156856c231c3f5eace1e0bed9b32a24696b7ba3c3245"},
    {file = "mypy-1.6.1-cp311-cp311-manylinux_2_17_x86_64.manylinux2014_x86_64.whl", hash = "sha256:a8032e00ce71c3ceb93eeba63963b864bf635a18f6c0c12da6c13c450eedb183"},
    {file = "mypy-1.6.1-cp311-cp311-musllinux_1_1_x86_64.whl", hash = "sha256:4c46b51de523817a0045b150ed11b56f9fff55f12b9edd0f3ed35b15a2809de0"},
    {file = "mypy-1.6.1-cp311-cp311-win_amd64.whl", hash = "sha256:19f905bcfd9e167159b3d63ecd8cb5e696151c3e59a1742e79bc3bcb540c42c7"},
    {file = "mypy-1.6.1-cp312-cp312-macosx_10_9_x86_64.whl", hash = "sha256:82e469518d3e9a321912955cc702d418773a2fd1e91c651280a1bda10622f02f"},
    {file = "mypy-1.6.1-cp312-cp312-macosx_11_0_arm64.whl", hash = "sha256:d4473c22cc296425bbbce7e9429588e76e05bc7342da359d6520b6427bf76660"},
    {file = "mypy-1.6.1-cp312-cp312-manylinux_2_17_x86_64.manylinux2014_x86_64.whl", hash = "sha256:59a0d7d24dfb26729e0a068639a6ce3500e31d6655df8557156c51c1cb874ce7"},
    {file = "mypy-1.6.1-cp312-cp312-musllinux_1_1_x86_64.whl", hash = "sha256:cfd13d47b29ed3bbaafaff7d8b21e90d827631afda134836962011acb5904b71"},
    {file = "mypy-1.6.1-cp312-cp312-win_amd64.whl", hash = "sha256:eb4f18589d196a4cbe5290b435d135dee96567e07c2b2d43b5c4621b6501531a"},
    {file = "mypy-1.6.1-cp38-cp38-macosx_10_9_x86_64.whl", hash = "sha256:41697773aa0bf53ff917aa077e2cde7aa50254f28750f9b88884acea38a16169"},
    {file = "mypy-1.6.1-cp38-cp38-macosx_11_0_arm64.whl", hash = "sha256:7274b0c57737bd3476d2229c6389b2ec9eefeb090bbaf77777e9d6b1b5a9d143"},
    {file = "mypy-1.6.1-cp38-cp38-manylinux_2_17_x86_64.manylinux2014_x86_64.whl", hash = "sha256:bbaf4662e498c8c2e352da5f5bca5ab29d378895fa2d980630656178bd607c46"},
    {file = "mypy-1.6.1-cp38-cp38-musllinux_1_1_x86_64.whl", hash = "sha256:bb8ccb4724f7d8601938571bf3f24da0da791fe2db7be3d9e79849cb64e0ae85"},
    {file = "mypy-1.6.1-cp38-cp38-win_amd64.whl", hash = "sha256:68351911e85145f582b5aa6cd9ad666c8958bcae897a1bfda8f4940472463c45"},
    {file = "mypy-1.6.1-cp39-cp39-macosx_10_9_x86_64.whl", hash = "sha256:49ae115da099dcc0922a7a895c1eec82c1518109ea5c162ed50e3b3594c71208"},
    {file = "mypy-1.6.1-cp39-cp39-macosx_11_0_arm64.whl", hash = "sha256:8b27958f8c76bed8edaa63da0739d76e4e9ad4ed325c814f9b3851425582a3cd"},
    {file = "mypy-1.6.1-cp39-cp39-manylinux_2_17_x86_64.manylinux2014_x86_64.whl", hash = "sha256:925cd6a3b7b55dfba252b7c4561892311c5358c6b5a601847015a1ad4eb7d332"},
    {file = "mypy-1.6.1-cp39-cp39-musllinux_1_1_x86_64.whl", hash = "sha256:8f57e6b6927a49550da3d122f0cb983d400f843a8a82e65b3b380d3d7259468f"},
    {file = "mypy-1.6.1-cp39-cp39-win_amd64.whl", hash = "sha256:a43ef1c8ddfdb9575691720b6352761f3f53d85f1b57d7745701041053deff30"},
    {file = "mypy-1.6.1-py3-none-any.whl", hash = "sha256:4cbe68ef919c28ea561165206a2dcb68591c50f3bcf777932323bc208d949cf1"},
    {file = "mypy-1.6.1.tar.gz", hash = "sha256:4d01c00d09a0be62a4ca3f933e315455bde83f37f892ba4b08ce92f3cf44bcc1"},
]

[package.dependencies]
mypy-extensions = ">=1.0.0"
typing-extensions = ">=4.1.0"

[package.extras]
dmypy = ["psutil (>=4.0)"]
install-types = ["pip"]
reports = ["lxml"]

[[package]]
name = "mypy-extensions"
version = "1.0.0"
description = "Type system extensions for programs checked with the mypy type checker."
optional = false
python-versions = ">=3.5"
files = [
    {file = "mypy_extensions-1.0.0-py3-none-any.whl", hash = "sha256:4392f6c0eb8a5668a69e23d168ffa70f0be9ccfd32b5cc2d26a34ae5b844552d"},
    {file = "mypy_extensions-1.0.0.tar.gz", hash = "sha256:75dbf8955dc00442a438fc4d0666508a9a97b6bd41aa2f0ffe9d2f2725af0782"},
]

[[package]]
name = "packaging"
version = "23.2"
description = "Core utilities for Python packages"
optional = false
python-versions = ">=3.7"
files = [
    {file = "packaging-23.2-py3-none-any.whl", hash = "sha256:8c491190033a9af7e1d931d0b5dacc2ef47509b34dd0de67ed209b5203fc88c7"},
    {file = "packaging-23.2.tar.gz", hash = "sha256:048fb0e9405036518eaaf48a55953c750c11e1a1b68e0dd1a9d62ed0c092cfc5"},
]

[[package]]
name = "pefile"
version = "2023.2.7"
description = "Python PE parsing module"
optional = false
python-versions = ">=3.6.0"
files = [
    {file = "pefile-2023.2.7-py3-none-any.whl", hash = "sha256:da185cd2af68c08a6cd4481f7325ed600a88f6a813bad9dea07ab3ef73d8d8d6"},
    {file = "pefile-2023.2.7.tar.gz", hash = "sha256:82e6114004b3d6911c77c3953e3838654b04511b8b66e8583db70c65998017dc"},
]

[[package]]
name = "proxy-tools"
version = "0.1.0"
description = "Proxy Implementation"
optional = false
python-versions = "*"
files = [
    {file = "proxy_tools-0.1.0.tar.gz", hash = "sha256:ccb3751f529c047e2d8a58440d86b205303cf0fe8146f784d1cbcd94f0a28010"},
]

[[package]]
name = "psutil"
version = "5.9.6"
description = "Cross-platform lib for process and system monitoring in Python."
optional = false
python-versions = ">=2.7, !=3.0.*, !=3.1.*, !=3.2.*, !=3.3.*, !=3.4.*, !=3.5.*"
files = [
    {file = "psutil-5.9.6-cp27-cp27m-macosx_10_9_x86_64.whl", hash = "sha256:fb8a697f11b0f5994550555fcfe3e69799e5b060c8ecf9e2f75c69302cc35c0d"},
    {file = "psutil-5.9.6-cp27-cp27m-manylinux2010_i686.whl", hash = "sha256:91ecd2d9c00db9817a4b4192107cf6954addb5d9d67a969a4f436dbc9200f88c"},
    {file = "psutil-5.9.6-cp27-cp27m-manylinux2010_x86_64.whl", hash = "sha256:10e8c17b4f898d64b121149afb136c53ea8b68c7531155147867b7b1ac9e7e28"},
    {file = "psutil-5.9.6-cp27-cp27mu-manylinux2010_i686.whl", hash = "sha256:18cd22c5db486f33998f37e2bb054cc62fd06646995285e02a51b1e08da97017"},
    {file = "psutil-5.9.6-cp27-cp27mu-manylinux2010_x86_64.whl", hash = "sha256:ca2780f5e038379e520281e4c032dddd086906ddff9ef0d1b9dcf00710e5071c"},
    {file = "psutil-5.9.6-cp27-none-win32.whl", hash = "sha256:70cb3beb98bc3fd5ac9ac617a327af7e7f826373ee64c80efd4eb2856e5051e9"},
    {file = "psutil-5.9.6-cp27-none-win_amd64.whl", hash = "sha256:51dc3d54607c73148f63732c727856f5febec1c7c336f8f41fcbd6315cce76ac"},
    {file = "psutil-5.9.6-cp36-abi3-macosx_10_9_x86_64.whl", hash = "sha256:c69596f9fc2f8acd574a12d5f8b7b1ba3765a641ea5d60fb4736bf3c08a8214a"},
    {file = "psutil-5.9.6-cp36-abi3-manylinux_2_12_i686.manylinux2010_i686.manylinux_2_17_i686.manylinux2014_i686.whl", hash = "sha256:92e0cc43c524834af53e9d3369245e6cc3b130e78e26100d1f63cdb0abeb3d3c"},
    {file = "psutil-5.9.6-cp36-abi3-manylinux_2_12_x86_64.manylinux2010_x86_64.manylinux_2_17_x86_64.manylinux2014_x86_64.whl", hash = "sha256:748c9dd2583ed86347ed65d0035f45fa8c851e8d90354c122ab72319b5f366f4"},
    {file = "psutil-5.9.6-cp36-cp36m-win32.whl", hash = "sha256:3ebf2158c16cc69db777e3c7decb3c0f43a7af94a60d72e87b2823aebac3d602"},
    {file = "psutil-5.9.6-cp36-cp36m-win_amd64.whl", hash = "sha256:ff18b8d1a784b810df0b0fff3bcb50ab941c3b8e2c8de5726f9c71c601c611aa"},
    {file = "psutil-5.9.6-cp37-abi3-win32.whl", hash = "sha256:a6f01f03bf1843280f4ad16f4bde26b817847b4c1a0db59bf6419807bc5ce05c"},
    {file = "psutil-5.9.6-cp37-abi3-win_amd64.whl", hash = "sha256:6e5fb8dc711a514da83098bc5234264e551ad980cec5f85dabf4d38ed6f15e9a"},
    {file = "psutil-5.9.6-cp38-abi3-macosx_11_0_arm64.whl", hash = "sha256:daecbcbd29b289aac14ece28eca6a3e60aa361754cf6da3dfb20d4d32b6c7f57"},
    {file = "psutil-5.9.6.tar.gz", hash = "sha256:e4b92ddcd7dd4cdd3f900180ea1e104932c7bce234fb88976e2a3b296441225a"},
]

[package.extras]
test = ["enum34", "ipaddress", "mock", "pywin32", "wmi"]

[[package]]
name = "pycparser"
version = "2.21"
description = "C parser in Python"
optional = false
python-versions = ">=2.7, !=3.0.*, !=3.1.*, !=3.2.*, !=3.3.*"
files = [
    {file = "pycparser-2.21-py2.py3-none-any.whl", hash = "sha256:8ee45429555515e1f6b185e78100aea234072576aa43ab53aefcae078162fca9"},
    {file = "pycparser-2.21.tar.gz", hash = "sha256:e644fdec12f7872f86c58ff790da456218b10f863970249516d60a5eaca77206"},
]

[[package]]
name = "pyinstaller"
version = "6.1.0"
description = "PyInstaller bundles a Python application and all its dependencies into a single package."
optional = false
python-versions = "<3.13,>=3.8"
files = [
    {file = "pyinstaller-6.1.0-py3-none-macosx_10_13_universal2.whl", hash = "sha256:da78942d31c1911ea4abcd3ca3bd0c062af7f163a5e227fd18a359b61deda4ca"},
    {file = "pyinstaller-6.1.0-py3-none-manylinux2014_aarch64.whl", hash = "sha256:f63d2353537bac7bfeeaedbe5ac99f3be35daa290dd1ad1be90768acbf77e3d5"},
    {file = "pyinstaller-6.1.0-py3-none-manylinux2014_i686.whl", hash = "sha256:6e71d9f6f5a1e0f7523e8ebee1b76bb29538f64d863e3711c2b21033f499e2b9"},
    {file = "pyinstaller-6.1.0-py3-none-manylinux2014_ppc64le.whl", hash = "sha256:bebf6f442bbe6343acaec873803510ee1930d026846a018f727da4e0690081f8"},
    {file = "pyinstaller-6.1.0-py3-none-manylinux2014_s390x.whl", hash = "sha256:3c04963637481a3edf1eec64ab4c3fce098908f02fc472c11e73be7eedc08b95"},
    {file = "pyinstaller-6.1.0-py3-none-manylinux2014_x86_64.whl", hash = "sha256:4368e4eb9999ce32e3280330b3c26f175e0fa7fa13efb4d2dc4ade488ff6d7c2"},
    {file = "pyinstaller-6.1.0-py3-none-musllinux_1_1_aarch64.whl", hash = "sha256:041ab9311d08162356829bf47293a613c44dc9ace28846fb63098889c7383c5d"},
    {file = "pyinstaller-6.1.0-py3-none-musllinux_1_1_x86_64.whl", hash = "sha256:331f050e8f9e923bb6b50454acfc0547fd52092585c61eb5f2fc93de60703f13"},
    {file = "pyinstaller-6.1.0-py3-none-win32.whl", hash = "sha256:9e8b5bbc1bdf554ade1360e62e4959091430c3cc15ebfff3c28c8894fd1f312a"},
    {file = "pyinstaller-6.1.0-py3-none-win_amd64.whl", hash = "sha256:f9f5bcaef6122d93c54ee7a9ecb07eab5b81a7ebfb5cb99af2b2a6ff49eff62f"},
    {file = "pyinstaller-6.1.0-py3-none-win_arm64.whl", hash = "sha256:dd438afd2abb643f5399c0cb254a11c217c06782cb274a2911dd785f9f67fa9e"},
    {file = "pyinstaller-6.1.0.tar.gz", hash = "sha256:8f3d49c60f3344bf3d4a6d4258bda665dad185ab2b097341d3af2a6387c838ef"},
]

[package.dependencies]
altgraph = "*"
macholib = {version = ">=1.8", markers = "sys_platform == \"darwin\""}
packaging = ">=20.0"
pefile = {version = ">=2022.5.30", markers = "sys_platform == \"win32\""}
pyinstaller-hooks-contrib = ">=2021.4"
pywin32-ctypes = {version = ">=0.2.1", markers = "sys_platform == \"win32\""}
setuptools = ">=42.0.0"

[package.extras]
hook-testing = ["execnet (>=1.5.0)", "psutil", "pytest (>=2.7.3)"]

[[package]]
name = "pyinstaller-hooks-contrib"
version = "2023.10"
description = "Community maintained hooks for PyInstaller"
optional = false
python-versions = ">=3.7"
files = [
    {file = "pyinstaller-hooks-contrib-2023.10.tar.gz", hash = "sha256:4b4a998036abb713774cb26534ca06b7e6e09e4c628196017a10deb11a48747f"},
    {file = "pyinstaller_hooks_contrib-2023.10-py2.py3-none-any.whl", hash = "sha256:6dc1786a8f452941245d5bb85893e2a33632ebdcbc4c23eea41f2ee08281b0c0"},
]

[[package]]
name = "pyobjc-core"
version = "10.0"
description = "Python<->ObjC Interoperability Module"
optional = false
python-versions = ">=3.8"
files = [
    {file = "pyobjc-core-10.0.tar.gz", hash = "sha256:3dd0a7b3acd7e0b8ffd3f5331b29a3aaebe79a03323e61efeece38627a6020b3"},
    {file = "pyobjc_core-10.0-cp310-cp310-macosx_10_9_universal2.whl", hash = "sha256:61ea5112a672d21b5b0ed945778707c655b17c400672aef144705674c4b95499"},
    {file = "pyobjc_core-10.0-cp311-cp311-macosx_10_9_universal2.whl", hash = "sha256:99b72cda4593e0c66037b25a178f2bcc6efffb6d5d9dcd477ecca859a1f9ae8e"},
    {file = "pyobjc_core-10.0-cp312-cp312-macosx_10_9_universal2.whl", hash = "sha256:2843ca32e86a01ccee67d7ad82a325ddd72d754929d1f2c0d96bc8741dc9af09"},
    {file = "pyobjc_core-10.0-cp38-cp38-macosx_10_9_x86_64.whl", hash = "sha256:a886b9d2a93210cab4ae72601ab005ca6f627fa2f0cc62c43c03ef1405067a11"},
    {file = "pyobjc_core-10.0-cp38-cp38-macosx_11_0_universal2.whl", hash = "sha256:166666b5c380a49e8aa1ad1dda978c581e29a00703d82203216f3c65a3f397a4"},
    {file = "pyobjc_core-10.0-cp39-cp39-macosx_10_9_universal2.whl", hash = "sha256:198a0360f64e4c0148eed07b42d1de0545f56c498c356d1d5524422bb3352907"},
]

[[package]]
name = "pyobjc-framework-cocoa"
version = "10.0"
description = "Wrappers for the Cocoa frameworks on macOS"
optional = false
python-versions = ">=3.8"
files = [
    {file = "pyobjc-framework-Cocoa-10.0.tar.gz", hash = "sha256:723421eff4f59e4ca9a9bb8ec6dafbc0f778141236fa85a49fdd86732d58a74c"},
    {file = "pyobjc_framework_Cocoa-10.0-cp310-cp310-macosx_10_9_universal2.whl", hash = "sha256:80c22a8fc7f085746d9cd222adeca8fe6790e3e6ad7eed5fc70b32aa87c10adb"},
    {file = "pyobjc_framework_Cocoa-10.0-cp311-cp311-macosx_10_9_universal2.whl", hash = "sha256:0187cba228976a45f41116c74aab079b64bacb3ffc3c886a4bd8e472bf9be581"},
    {file = "pyobjc_framework_Cocoa-10.0-cp312-cp312-macosx_10_9_universal2.whl", hash = "sha256:a81dabdc40268591e3196087388e680c6570fed1b521df9b04733cb3ece0414e"},
    {file = "pyobjc_framework_Cocoa-10.0-cp38-cp38-macosx_10_9_x86_64.whl", hash = "sha256:0a23db9ab99e338e1d8a268d873cc15408f78cec9946308393ca2241820c18b8"},
    {file = "pyobjc_framework_Cocoa-10.0-cp38-cp38-macosx_11_0_universal2.whl", hash = "sha256:a3c66fe56a5156a818fbf056c589f8140a5fdb1dcb1f1075cb34d3755474d900"},
    {file = "pyobjc_framework_Cocoa-10.0-cp39-cp39-macosx_10_9_universal2.whl", hash = "sha256:bf9020e85ead569021b15272dcd90207aab6c754093f520b11d4210a2efbdd06"},
]

[package.dependencies]
pyobjc-core = ">=10.0"

[[package]]
name = "pyobjc-framework-security"
version = "10.0"
description = "Wrappers for the framework Security on macOS"
optional = false
python-versions = ">=3.8"
files = [
    {file = "pyobjc-framework-Security-10.0.tar.gz", hash = "sha256:89837b93aaae053d80430da6a3dbd6430ca9d889aa43c3d53ed4ce81afa99462"},
    {file = "pyobjc_framework_Security-10.0-cp310-cp310-macosx_10_9_universal2.whl", hash = "sha256:257abf4821df4a9824f970df7b27acd05c8b7a544c424ca29c63c1bf963b0011"},
    {file = "pyobjc_framework_Security-10.0-cp311-cp311-macosx_10_9_universal2.whl", hash = "sha256:e4917cfeca742b790a8f5053b39051be83a132e85f5ad9af2cd3a31527960143"},
    {file = "pyobjc_framework_Security-10.0-cp312-cp312-macosx_10_9_universal2.whl", hash = "sha256:a7d9cae84018bcb6ff2967a9cd158b2298e0c5fd95cf6deef12b4b44464e1797"},
    {file = "pyobjc_framework_Security-10.0-cp38-cp38-macosx_10_9_x86_64.whl", hash = "sha256:71522a2adc3b30c28508156a510b5b8796d5f6ad003bd35b4d86c121bf4f7957"},
    {file = "pyobjc_framework_Security-10.0-cp38-cp38-macosx_11_0_universal2.whl", hash = "sha256:be52243da7a143e898b8e726201140f4be0bd5803b90e56b22d2cc6ad1edde0f"},
    {file = "pyobjc_framework_Security-10.0-cp39-cp39-macosx_10_9_universal2.whl", hash = "sha256:ef948582c47593895e27be1a1401d96b19a8edcbed223fa9cf3185345a2bc117"},
]

[package.dependencies]
pyobjc-core = ">=10.0"
pyobjc-framework-Cocoa = ">=10.0"

[[package]]
name = "pyobjc-framework-webkit"
version = "10.0"
description = "Wrappers for the framework WebKit on macOS"
optional = false
python-versions = ">=3.8"
files = [
    {file = "pyobjc-framework-WebKit-10.0.tar.gz", hash = "sha256:847a69aeeb2e743c5ff838628f3a0031e538de4e011e29df52272955ed0b11df"},
    {file = "pyobjc_framework_WebKit-10.0-cp36-abi3-macosx_10_9_universal2.whl", hash = "sha256:98104c829ecc169fe4ffd0fe499bec21e5fec0aec1974b3edd1ffac1fca0db21"},
    {file = "pyobjc_framework_WebKit-10.0-cp36-abi3-macosx_10_9_x86_64.whl", hash = "sha256:30850ed65f411bd1d54d15ec4937d36856e1e390ea70878022d45c5a08f33aa0"},
    {file = "pyobjc_framework_WebKit-10.0-cp36-abi3-macosx_11_0_universal2.whl", hash = "sha256:42936e1af1a4cf328ce05e3dcd56dc937f348e7971642c68d33128550b4cb169"},
]

[package.dependencies]
pyobjc-core = ">=10.0"
pyobjc-framework-Cocoa = ">=10.0"

[[package]]
name = "pythonnet"
version = "2.5.2"
description = ".Net and Mono integration for Python"
optional = false
python-versions = "*"
files = [
    {file = "pythonnet-2.5.2-cp27-cp27m-win32.whl", hash = "sha256:d519bbc7b1cd3999651efc594d91cb67c46d1d8466dad3d83b578102e58d05bd"},
    {file = "pythonnet-2.5.2-cp27-cp27m-win_amd64.whl", hash = "sha256:c02f53d0e61b202cddf3198fac9553d5b4ee0ea0cc4fe658c2ed69ab24def276"},
    {file = "pythonnet-2.5.2-cp35-cp35m-win32.whl", hash = "sha256:840bdef89b378663d73f74f18895b6d8630d1f5671457a1db5ffb68179d85582"},
    {file = "pythonnet-2.5.2-cp35-cp35m-win_amd64.whl", hash = "sha256:d8e5b27de1e2cfb69b88782ac5cdf605b1a73598a85d86570e46961126628dbb"},
    {file = "pythonnet-2.5.2-cp36-cp36m-win32.whl", hash = "sha256:62645c29840c4a877d66e047f3e065b2e5a1a66431a99bce8d42a5af3a093ee1"},
    {file = "pythonnet-2.5.2-cp36-cp36m-win_amd64.whl", hash = "sha256:058e536062d1585d07ec5f2cf16aefcfc8eb8179faa90e5db0063d358469d025"},
    {file = "pythonnet-2.5.2-cp37-cp37m-win32.whl", hash = "sha256:cc77fc63e2afb0a80199ab44ced4fdfb78c19d8030063c345c80740d15380dd9"},
    {file = "pythonnet-2.5.2-cp37-cp37m-win_amd64.whl", hash = "sha256:80c8f5c9bd10440a73eb6aedbbacb2f3dd7701b474816f5ef7636f529d838d38"},
    {file = "pythonnet-2.5.2-cp38-cp38-win32.whl", hash = "sha256:41a607b7304e9efc6d4d8db438d6018a17c6637e8b8998848ff5c2a7a1b4687c"},
    {file = "pythonnet-2.5.2-cp38-cp38-win_amd64.whl", hash = "sha256:00a4fed9fc05b4efbe8947c79dc0799cffbca4c89e3e068e70b6618f20c906f2"},
    {file = "pythonnet-2.5.2.tar.gz", hash = "sha256:b7287480a1f6ae4b6fc80d775446d8af00e051ca1646b6cc3d32c5d3a461ede3"},
]

[package.dependencies]
pycparser = "*"

[[package]]
name = "pywebview"
version = "4.4"
description = "Build GUI for your Python program with JavaScript, HTML, and CSS"
optional = false
python-versions = ">=3.7"
files = [
    {file = "pywebview-4.4-py3-none-any.whl", hash = "sha256:32b3d4481f79fa434db4a9055a2f705636055924a5389a6763994a88064dd59e"},
    {file = "pywebview-4.4.tar.gz", hash = "sha256:35d6e907e1b78dfc371f6b776ef66029a13e07a95120700799262118654a9fa7"},
]

[package.dependencies]
bottle = "*"
proxy-tools = "*"
pyobjc-core = {version = "*", markers = "sys_platform == \"darwin\""}
pyobjc-framework-Cocoa = {version = "*", markers = "sys_platform == \"darwin\""}
pyobjc-framework-security = {version = "*", markers = "sys_platform == \"darwin\""}
pyobjc-framework-WebKit = {version = "*", markers = "sys_platform == \"darwin\""}
pythonnet = {version = "*", markers = "sys_platform == \"win32\""}
QtPy = {version = "*", markers = "sys_platform == \"openbsd6\""}
typing-extensions = "*"

[package.extras]
cef = ["cefpython3"]
gtk = ["PyGObject", "PyGObject-stubs"]
pyside2 = ["PySide2", "QtPy"]
pyside6 = ["PySide6", "QtPy"]
qt = ["PyQt5", "QtPy", "pyqtwebengine"]

[[package]]
name = "pywin32-ctypes"
version = "0.2.2"
description = "A (partial) reimplementation of pywin32 using ctypes/cffi"
optional = false
python-versions = ">=3.6"
files = [
    {file = "pywin32-ctypes-0.2.2.tar.gz", hash = "sha256:3426e063bdd5fd4df74a14fa3cf80a0b42845a87e1d1e81f6549f9daec593a60"},
    {file = "pywin32_ctypes-0.2.2-py3-none-any.whl", hash = "sha256:bf490a1a709baf35d688fe0ecf980ed4de11d2b3e37b51e5442587a75d9957e7"},
]

[[package]]
name = "qtpy"
version = "2.4.1"
description = "Provides an abstraction layer on top of the various Qt bindings (PyQt5/6 and PySide2/6)."
optional = false
python-versions = ">=3.7"
files = [
    {file = "QtPy-2.4.1-py3-none-any.whl", hash = "sha256:1c1d8c4fa2c884ae742b069151b0abe15b3f70491f3972698c683b8e38de839b"},
    {file = "QtPy-2.4.1.tar.gz", hash = "sha256:a5a15ffd519550a1361bdc56ffc07fda56a6af7292f17c7b395d4083af632987"},
]

[package.dependencies]
packaging = "*"

[package.extras]
test = ["pytest (>=6,!=7.0.0,!=7.0.1)", "pytest-cov (>=3.0.0)", "pytest-qt"]

[[package]]
name = "setuptools"
version = "68.2.2"
description = "Easily download, build, install, upgrade, and uninstall Python packages"
optional = false
python-versions = ">=3.8"
files = [
    {file = "setuptools-68.2.2-py3-none-any.whl", hash = "sha256:b454a35605876da60632df1a60f736524eb73cc47bbc9f3f1ef1b644de74fd2a"},
    {file = "setuptools-68.2.2.tar.gz", hash = "sha256:4ac1475276d2f1c48684874089fefcd83bd7162ddaafb81fac866ba0db282a87"},
]

[package.extras]
docs = ["furo", "jaraco.packaging (>=9.3)", "jaraco.tidelift (>=1.4)", "pygments-github-lexers (==0.0.5)", "rst.linker (>=1.9)", "sphinx (>=3.5)", "sphinx-favicon", "sphinx-hoverxref (<2)", "sphinx-inline-tabs", "sphinx-lint", "sphinx-notfound-page (>=1,<2)", "sphinx-reredirects", "sphinxcontrib-towncrier"]
testing = ["build[virtualenv]", "filelock (>=3.4.0)", "flake8-2020", "ini2toml[lite] (>=0.9)", "jaraco.develop (>=7.21)", "jaraco.envs (>=2.2)", "jaraco.path (>=3.2.0)", "pip (>=19.1)", "pytest (>=6)", "pytest-black (>=0.3.7)", "pytest-checkdocs (>=2.4)", "pytest-cov", "pytest-enabler (>=2.2)", "pytest-mypy (>=0.9.1)", "pytest-perf", "pytest-ruff", "pytest-timeout", "pytest-xdist", "tomli-w (>=1.0.0)", "virtualenv (>=13.0.0)", "wheel"]
testing-integration = ["build[virtualenv] (>=1.0.3)", "filelock (>=3.4.0)", "jaraco.envs (>=2.2)", "jaraco.path (>=3.2.0)", "packaging (>=23.1)", "pytest", "pytest-enabler", "pytest-xdist", "tomli", "virtualenv (>=13.0.0)", "wheel"]

[[package]]
name = "taskipy"
version = "1.12.0"
description = "tasks runner for python projects"
optional = false
python-versions = ">=3.6,<4.0"
files = [
    {file = "taskipy-1.12.0-py3-none-any.whl", hash = "sha256:38306fbc952a7ca314b8f842a74b2fc38535cdab21031fe89e714a83e6259a84"},
    {file = "taskipy-1.12.0.tar.gz", hash = "sha256:e3dd7c53f7c9c4fd17dc908b1037f545afc452907eb0953b84e91c0a9a9d809d"},
]

[package.dependencies]
colorama = ">=0.4.4,<0.5.0"
mslex = {version = ">=0.3.0,<0.4.0", markers = "sys_platform == \"win32\""}
psutil = ">=5.7.2,<6.0.0"
tomli = {version = ">=2.0.1,<3.0.0", markers = "python_version >= \"3.7\" and python_version < \"4.0\""}

[[package]]
name = "tomli"
version = "2.0.1"
description = "A lil' TOML parser"
optional = false
python-versions = ">=3.7"
files = [
    {file = "tomli-2.0.1-py3-none-any.whl", hash = "sha256:939de3e7a6161af0c887ef91b7d41a53e7c5a1ca976325f429cb46ea9bc30ecc"},
    {file = "tomli-2.0.1.tar.gz", hash = "sha256:de526c12914f0c550d15924c62d72abc48d6fe7364aa87328337a31007fe8a4f"},
]

[[package]]
name = "typing-extensions"
version = "4.8.0"
description = "Backported and Experimental Type Hints for Python 3.8+"
optional = false
python-versions = ">=3.8"
files = [
    {file = "typing_extensions-4.8.0-py3-none-any.whl", hash = "sha256:8f92fc8806f9a6b641eaa5318da32b44d401efaac0f6678c9bc448ba3605faa0"},
    {file = "typing_extensions-4.8.0.tar.gz", hash = "sha256:df8e4339e9cb77357558cbdbceca33c303714cf861d1eef15e1070055ae8b7ef"},
]

[metadata]
lock-version = "2.0"
python-versions = "3.12"
content-hash = "3c7bbabfc884c15150be1e75047159dc872eb26245c81882f479d421d12bfaa8"
